
Microsoft Visual Studio Solution File, Format Version 12.00
# Visual Studio Version 17
VisualStudioVersion = 17.3.32922.545
MinimumVisualStudioVersion = 10.0.40219.1
Project("{FAE04EC0-301F-11D3-BF4B-00C04F79EFBC}") = "Web-Lab01b_HTML", "Web-Lab01b_HTML\Web-Lab01b_HTML.csproj", "{4F1706C5-4B97-4C47-BE70-C308172D0F83}"
EndProject
Global
	GlobalSection(SolutionConfigurationPlatforms) = preSolution
		Debug|Any CPU = Debug|Any CPU
		Release|Any CPU = Release|Any CPU
	EndGlobalSection
	GlobalSection(ProjectConfigurationPlatforms) = postSolution
		{4F1706C5-4B97-4C47-BE70-C308172D0F83}.Debug|Any CPU.ActiveCfg = Debug|Any CPU
		{4F1706C5-4B97-4C47-BE70-C308172D0F83}.Debug|Any CPU.Build.0 = Debug|Any CPU
		{4F1706C5-4B97-4C47-BE70-C308172D0F83}.Release|Any CPU.ActiveCfg = Release|Any CPU
		{4F1706C5-4B97-4C47-BE70-C308172D0F83}.Release|Any CPU.Build.0 = Release|Any CPU
	EndGlobalSection
	GlobalSection(SolutionProperties) = preSolution
		HideSolutionNode = FALSE
	EndGlobalSection
	GlobalSection(ExtensibilityGlobals) = postSolution
		SolutionGuid = {43F517A5-8446-4E1D-B1B0-08C31ED9CD36}
	EndGlobalSection
EndGlobal
